
Microsoft Visual Studio Solution File, Format Version 12.00
# Visual Studio Version 17
VisualStudioVersion = 17.11.35219.272
MinimumVisualStudioVersion = 10.0.40219.1
Project("{FAE04EC0-301F-11D3-BF4B-00C04F79EFBC}") = "SampleTest", "SampleTest\SampleTest.csproj", "{2B45CAF5-A377-44BC-BA6F-F7E32A33C0F0}"
EndProject
Project("{FAE04EC0-301F-11D3-BF4B-00C04F79EFBC}") = "TestSampleApp", "TestSampleApp\TestSampleApp.csproj", "{2C386901-A6DE-4E6C-BC8B-D2874DE1DB18}"
EndProject
Global
	GlobalSection(SolutionConfigurationPlatforms) = preSolution
		Debug|Any CPU = Debug|Any CPU
		Release|Any CPU = Release|Any CPU
	EndGlobalSection
	GlobalSection(ProjectConfigurationPlatforms) = postSolution
		{2B45CAF5-A377-44BC-BA6F-F7E32A33C0F0}.Debug|Any CPU.ActiveCfg = Debug|Any CPU
		{2B45CAF5-A377-44BC-BA6F-F7E32A33C0F0}.Debug|Any CPU.Build.0 = Debug|Any CPU
		{2B45CAF5-A377-44BC-BA6F-F7E32A33C0F0}.Release|Any CPU.ActiveCfg = Release|Any CPU
		{2B45CAF5-A377-44BC-BA6F-F7E32A33C0F0}.Release|Any CPU.Build.0 = Release|Any CPU
		{2C386901-A6DE-4E6C-BC8B-D2874DE1DB18}.Debug|Any CPU.ActiveCfg = Debug|Any CPU
		{2C386901-A6DE-4E6C-BC8B-D2874DE1DB18}.Debug|Any CPU.Build.0 = Debug|Any CPU
		{2C386901-A6DE-4E6C-BC8B-D2874DE1DB18}.Release|Any CPU.ActiveCfg = Release|Any CPU
		{2C386901-A6DE-4E6C-BC8B-D2874DE1DB18}.Release|Any CPU.Build.0 = Release|Any CPU
	EndGlobalSection
	GlobalSection(SolutionProperties) = preSolution
		HideSolutionNode = FALSE
	EndGlobalSection
	GlobalSection(ExtensibilityGlobals) = postSolution
		SolutionGuid = {59A043F3-C888-442A-AEFA-AFEA991C6A23}
	EndGlobalSection
EndGlobal
